// !$*UTF8*$!
{
	archiveVersion = 1;
	classes = {
	};
	objectVersion = 56;
	objects = {

/* Begin PBXBuildFile section */
		A1000001233300001 /* DeliverablesApp.swift in Sources */ = {isa = PBXBuildFile; fileRef = A1000001133300001 /* DeliverablesApp.swift */; };
		A1000001233300002 /* Deliverable.swift in Sources */ = {isa = PBXBuildFile; fileRef = A1000001133300002 /* Deliverable.swift */; };
		A1000001233300003 /* DataStore.swift in Sources */ = {isa = PBXBuildFile; fileRef = A1000001133300003 /* DataStore.swift */; };
		A1000001233300004 /* ICSExporter.swift in Sources */ = {isa = PBXBuildFile; fileRef = A1000001133300004 /* ICSExporter.swift */; };
		A1000001233300005 /* ProgressCalculator.swift in Sources */ = {isa = PBXBuildFile; fileRef = A1000001133300005 /* ProgressCalculator.swift */; };
		A1000001233300006 /* MenuBarView.swift in Sources */ = {isa = PBXBuildFile; fileRef = A1000001133300006 /* MenuBarView.swift */; };
		A1000001233300007 /* DeliverableRow.swift in Sources */ = {isa = PBXBuildFile; fileRef = A1000001133300007 /* DeliverableRow.swift */; };
		A1000001233300008 /* ProgressBar.swift in Sources */ = {isa = PBXBuildFile; fileRef = A1000001133300008 /* ProgressBar.swift */; };
		A1000001233300009 /* CreateDeliverableView.swift in Sources */ = {isa = PBXBuildFile; fileRef = A1000001133300009 /* CreateDeliverableView.swift */; };
		A100000123330000A /* Assets.xcassets in Resources */ = {isa = PBXBuildFile; fileRef = A100000113330000A /* Assets.xcassets */; };
		A100000123330000B /* EditDeliverableView.swift in Sources */ = {isa = PBXBuildFile; fileRef = A100000113330000C /* EditDeliverableView.swift */; };
/* End PBXBuildFile section */

/* Begin PBXFileReference section */
		A1000001033300000 /* Deliverables.app */ = {isa = PBXFileReference; explicitFileType = wrapper.application; includeInIndex = 0; path = Deliverables.app; sourceTree = BUILT_PRODUCTS_DIR; };
		A1000001133300001 /* DeliverablesApp.swift */ = {isa = PBXFileReference; lastKnownFileType = sourcecode.swift; path = DeliverablesApp.swift; sourceTree = "<group>"; };
		A1000001133300002 /* Deliverable.swift */ = {isa = PBXFileReference; lastKnownFileType = sourcecode.swift; path = Deliverable.swift; sourceTree = "<group>"; };
		A1000001133300003 /* DataStore.swift */ = {isa = PBXFileReference; lastKnownFileType = sourcecode.swift; path = DataStore.swift; sourceTree = "<group>"; };
		A1000001133300004 /* ICSExporter.swift */ = {isa = PBXFileReference; lastKnownFileType = sourcecode.swift; path = ICSExporter.swift; sourceTree = "<group>"; };
		A1000001133300005 /* ProgressCalculator.swift */ = {isa = PBXFileReference; lastKnownFileType = sourcecode.swift; path = ProgressCalculator.swift; sourceTree = "<group>"; };
		A1000001133300006 /* MenuBarView.swift */ = {isa = PBXFileReference; lastKnownFileType = sourcecode.swift; path = MenuBarView.swift; sourceTree = "<group>"; };
		A1000001133300007 /* DeliverableRow.swift */ = {isa = PBXFileReference; lastKnownFileType = sourcecode.swift; path = DeliverableRow.swift; sourceTree = "<group>"; };
		A1000001133300008 /* ProgressBar.swift */ = {isa = PBXFileReference; lastKnownFileType = sourcecode.swift; path = ProgressBar.swift; sourceTree = "<group>"; };
		A1000001133300009 /* CreateDeliverableView.swift */ = {isa = PBXFileReference; lastKnownFileType = sourcecode.swift; path = CreateDeliverableView.swift; sourceTree = "<group>"; };
		A100000113330000A /* Assets.xcassets */ = {isa = PBXFileReference; lastKnownFileType = folder.assetcatalog; path = Assets.xcassets; sourceTree = "<group>"; };
		A100000113330000B /* Info.plist */ = {isa = PBXFileReference; lastKnownFileType = text.plist.xml; path = Info.plist; sourceTree = "<group>"; };
		A100000113330000C /* EditDeliverableView.swift */ = {isa = PBXFileReference; lastKnownFileType = sourcecode.swift; path = EditDeliverableView.swift; sourceTree = "<group>"; };
/* End PBXFileReference section */

/* Begin PBXFrameworksBuildPhase section */
		A1000001333300000 /* Frameworks */ = {
			isa = PBXFrameworksBuildPhase;
			buildActionMask = 2147483647;
			files = (
			);
			runOnlyForDeploymentPostprocessing = 0;
		};
/* End PBXFrameworksBuildPhase section */

/* Begin PBXGroup section */
		A1000001433300000 = {
			isa = PBXGroup;
			children = (
				A1000001533300000 /* Deliverables */,
				A1000001633300000 /* Products */,
			);
			sourceTree = "<group>";
		};
		A1000001533300000 /* Deliverables */ = {
			isa = PBXGroup;
			children = (
				A1000001133300001 /* DeliverablesApp.swift */,
				A1000001733300000 /* Models */,
				A1000001833300000 /* Views */,
				A1000001933300000 /* Services */,
				A1000001A33300000 /* Utilities */,
				A1000001B33300000 /* Resources */,
				A100000113330000B /* Info.plist */,
			);
			path = Deliverables;
			sourceTree = "<group>";
		};
		A1000001633300000 /* Products */ = {
			isa = PBXGroup;
			children = (
				A1000001033300000 /* Deliverables.app */,
			);
			name = Products;
			sourceTree = "<group>";
		};
		A1000001733300000 /* Models */ = {
			isa = PBXGroup;
			children = (
				A1000001133300002 /* Deliverable.swift */,
			);
			path = Models;
			sourceTree = "<group>";
		};
		A1000001833300000 /* Views */ = {
			isa = PBXGroup;
			children = (
				A1000001133300006 /* MenuBarView.swift */,
				A1000001133300007 /* DeliverableRow.swift */,
				A1000001133300008 /* ProgressBar.swift */,
				A1000001133300009 /* CreateDeliverableView.swift */,
				A100000113330000C /* EditDeliverableView.swift */,
			);
			path = Views;
			sourceTree = "<group>";
		};
		A1000001933300000 /* Services */ = {
			isa = PBXGroup;
			children = (
				A1000001133300003 /* DataStore.swift */,
				A1000001133300004 /* ICSExporter.swift */,
			);
			path = Services;
			sourceTree = "<group>";
		};
		A1000001A33300000 /* Utilities */ = {
			isa = PBXGroup;
			children = (
				A1000001133300005 /* ProgressCalculator.swift */,
			);
			path = Utilities;
			sourceTree = "<group>";
		};
		A1000001B33300000 /* Resources */ = {
			isa = PBXGroup;
			children = (
				A100000113330000A /* Assets.xcassets */,
			);
			path = Resources;
			sourceTree = "<group>";
		};
/* End PBXGroup section */

/* Begin PBXNativeTarget section */
		A1000001C33300000 /* Deliverables */ = {
			isa = PBXNativeTarget;
			buildConfigurationList = A1000001D33300000 /* Build configuration list for PBXNativeTarget "Deliverables" */;
			buildPhases = (
				A1000001E33300000 /* Sources */,
				A1000001333300000 /* Frameworks */,
				A1000001F33300000 /* Resources */,
			);
			buildRules = (
			);
			dependencies = (
			);
			name = Deliverables;
			productName = Deliverables;
			productReference = A1000001033300000 /* Deliverables.app */;
			productType = "com.apple.product-type.application";
		};
/* End PBXNativeTarget section */

/* Begin PBXProject section */
		A100000200330000 /* Project object */ = {
			isa = PBXProject;
			attributes = {
				BuildIndependentTargetsInParallel = 1;
				LastSwiftUpdateCheck = 1500;
				LastUpgradeCheck = 1500;
				TargetAttributes = {
					A1000001C33300000 = {
						CreatedOnToolsVersion = 15.0;
					};
				};
			};
			buildConfigurationList = A100000210330000 /* Build configuration list for PBXProject "Deliverables" */;
			compatibilityVersion = "Xcode 14.0";
			developmentRegion = en;
			hasScannedForEncodings = 0;
			knownRegions = (
				en,
				Base,
			);
			mainGroup = A1000001433300000;
			productRefGroup = A1000001633300000 /* Products */;
			projectDirPath = "";
			projectRoot = "";
			targets = (
				A1000001C33300000 /* Deliverables */,
			);
		};
/* End PBXProject section */

/* Begin PBXResourcesBuildPhase section */
		A1000001F33300000 /* Resources */ = {
			isa = PBXResourcesBuildPhase;
			buildActionMask = 2147483647;
			files = (
				A100000123330000A /* Assets.xcassets in Resources */,
			);
			runOnlyForDeploymentPostprocessing = 0;
		};
/* End PBXResourcesBuildPhase section */

/* Begin PBXSourcesBuildPhase section */
		A1000001E33300000 /* Sources */ = {
			isa = PBXSourcesBuildPhase;
			buildActionMask = 2147483647;
			files = (
				A1000001233300001 /* DeliverablesApp.swift in Sources */,
				A1000001233300002 /* Deliverable.swift in Sources */,
				A1000001233300003 /* DataStore.swift in Sources */,
				A1000001233300004 /* ICSExporter.swift in Sources */,
				A1000001233300005 /* ProgressCalculator.swift in Sources */,
				A1000001233300006 /* MenuBarView.swift in Sources */,
				A1000001233300007 /* DeliverableRow.swift in Sources */,
				A1000001233300008 /* ProgressBar.swift in Sources */,
				A1000001233300009 /* CreateDeliverableView.swift in Sources */,
				A100000123330000B /* EditDeliverableView.swift in Sources */,
			);
			runOnlyForDeploymentPostprocessing = 0;
		};
/* End PBXSourcesBuildPhase section */

/* Begin XCBuildConfiguration section */
		A100000220330000 /* Debug */ = {
			isa = XCBuildConfiguration;
			buildSettings = {
				ALWAYS_SEARCH_USER_PATHS = NO;
				ASSETCATALOG_COMPILER_GENERATE_SWIFT_ASSET_SYMBOL_EXTENSIONS = YES;
				CLANG_ANALYZER_NONNULL = YES;
				CLANG_ANALYZER_NUMBER_OBJECT_CONVERSION = YES_AGGRESSIVE;
				CLANG_CXX_LANGUAGE_STANDARD = "gnu++20";
				CLANG_ENABLE_MODULES = YES;
				CLANG_ENABLE_OBJC_ARC = YES;
				CLANG_ENABLE_OBJC_WEAK = YES;
				CLANG_WARN_BLOCK_CAPTURE_AUTORELEASING = YES;
				CLANG_WARN_BOOL_CONVERSION = YES;
				CLANG_WARN_COMMA = YES;
				CLANG_WARN_CONSTANT_CONVERSION = YES;
				CLANG_WARN_DEPRECATED_OBJC_IMPLEMENTATIONS = YES;
				CLANG_WARN_DIRECT_OBJC_ISA_USAGE = YES_ERROR;
				CLANG_WARN_DOCUMENTATION_COMMENTS = YES;
				CLANG_WARN_EMPTY_BODY = YES;
				CLANG_WARN_ENUM_CONVERSION = YES;
				CLANG_WARN_INFINITE_RECURSION = YES;
				CLANG_WARN_INT_CONVERSION = YES;
				CLANG_WARN_NON_LITERAL_NULL_CONVERSION = YES;
				CLANG_WARN_OBJC_IMPLICIT_RETAIN_SELF = YES;
				CLANG_WARN_OBJC_LITERAL_CONVERSION = YES;
				CLANG_WARN_OBJC_ROOT_CLASS = YES_ERROR;
				CLANG_WARN_QUOTED_INCLUDE_IN_FRAMEWORK_HEADER = YES;
				CLANG_WARN_RANGE_LOOP_ANALYSIS = YES;
				CLANG_WARN_STRICT_PROTOTYPES = YES;
				CLANG_WARN_SUSPICIOUS_MOVE = YES;
				CLANG_WARN_UNGUARDED_AVAILABILITY = YES_AGGRESSIVE;
				CLANG_WARN_UNREACHABLE_CODE = YES;
				CLANG_WARN__DUPLICATE_METHOD_MATCH = YES;
				COPY_PHASE_STRIP = NO;
				DEBUG_INFORMATION_FORMAT = dwarf;
				ENABLE_STRICT_OBJC_MSGSEND = YES;
				ENABLE_TESTABILITY = YES;
				ENABLE_USER_SCRIPT_SANDBOXING = YES;
				GCC_C_LANGUAGE_STANDARD = gnu17;
				GCC_DYNAMIC_NO_PIC = NO;
				GCC_NO_COMMON_BLOCKS = YES;
				GCC_OPTIMIZATION_LEVEL = 0;
				GCC_PREPROCESSOR_DEFINITIONS = (
					"DEBUG=1",
					"$(inherited)",
				);
				GCC_WARN_64_TO_32_BIT_CONVERSION = YES;
				GCC_WARN_ABOUT_RETURN_TYPE = YES_ERROR;
				GCC_WARN_UNDECLARED_SELECTOR = YES;
				GCC_WARN_UNINITIALIZED_AUTOS = YES_AGGRESSIVE;
				GCC_WARN_UNUSED_FUNCTION = YES;
				GCC_WARN_UNUSED_VARIABLE = YES;
				MACOSX_DEPLOYMENT_TARGET = 13.0;
				MTL_ENABLE_DEBUG_INFO = INCLUDE_SOURCE;
				MTL_FAST_MATH = YES;
				ONLY_ACTIVE_ARCH = YES;
				SDKROOT = macosx;
				SWIFT_ACTIVE_COMPILATION_CONDITIONS = "DEBUG $(inherited)";
				SWIFT_OPTIMIZATION_LEVEL = "-Onone";
			};
			name = Debug;
		};
		A100000230330000 /* Release */ = {
			isa = XCBuildConfiguration;
			buildSettings = {
				ALWAYS_SEARCH_USER_PATHS = NO;
				ASSETCATALOG_COMPILER_GENERATE_SWIFT_ASSET_SYMBOL_EXTENSIONS = YES;
				CLANG_ANALYZER_NONNULL = YES;
				CLANG_ANALYZER_NUMBER_OBJECT_CONVERSION = YES_AGGRESSIVE;
				CLANG_CXX_LANGUAGE_STANDARD = "gnu++20";
				CLANG_ENABLE_MODULES = YES;
				CLANG_ENABLE_OBJC_ARC = YES;
				CLANG_ENABLE_OBJC_WEAK = YES;
				CLANG_WARN_BLOCK_CAPTURE_AUTORELEASING = YES;
				CLANG_WARN_BOOL_CONVERSION = YES;
				CLANG_WARN_COMMA = YES;
				CLANG_WARN_CONSTANT_CONVERSION = YES;
				CLANG_WARN_DEPRECATED_OBJC_IMPLEMENTATIONS = YES;
				CLANG_WARN_DIRECT_OBJC_ISA_USAGE = YES_ERROR;
				CLANG_WARN_DOCUMENTATION_COMMENTS = YES;
				CLANG_WARN_EMPTY_BODY = YES;
				CLANG_WARN_ENUM_CONVERSION = YES;
				CLANG_WARN_INFINITE_RECURSION = YES;
				CLANG_WARN_INT_CONVERSION = YES;
				CLANG_WARN_NON_LITERAL_NULL_CONVERSION = YES;
				CLANG_WARN_OBJC_IMPLICIT_RETAIN_SELF = YES;
				CLANG_WARN_OBJC_LITERAL_CONVERSION = YES;
				CLANG_WARN_OBJC_ROOT_CLASS = YES_ERROR;
				CLANG_WARN_QUOTED_INCLUDE_IN_FRAMEWORK_HEADER = YES;
				CLANG_WARN_RANGE_LOOP_ANALYSIS = YES;
				CLANG_WARN_STRICT_PROTOTYPES = YES;
				CLANG_WARN_SUSPICIOUS_MOVE = YES;
				CLANG_WARN_UNGUARDED_AVAILABILITY = YES_AGGRESSIVE;
				CLANG_WARN_UNREACHABLE_CODE = YES;
				CLANG_WARN__DUPLICATE_METHOD_MATCH = YES;
				COPY_PHASE_STRIP = NO;
				DEBUG_INFORMATION_FORMAT = "dwarf-with-dsym";
				ENABLE_NS_ASSERTIONS = NO;
				ENABLE_STRICT_OBJC_MSGSEND = YES;
				ENABLE_USER_SCRIPT_SANDBOXING = YES;
				GCC_C_LANGUAGE_STANDARD = gnu17;
				GCC_NO_COMMON_BLOCKS = YES;
				GCC_WARN_64_TO_32_BIT_CONVERSION = YES;
				GCC_WARN_ABOUT_RETURN_TYPE = YES_ERROR;
				GCC_WARN_UNDECLARED_SELECTOR = YES;
				GCC_WARN_UNINITIALIZED_AUTOS = YES_AGGRESSIVE;
				GCC_WARN_UNUSED_FUNCTION = YES;
				GCC_WARN_UNUSED_VARIABLE = YES;
				MACOSX_DEPLOYMENT_TARGET = 13.0;
				MTL_ENABLE_DEBUG_INFO = NO;
				MTL_FAST_MATH = YES;
				SDKROOT = macosx;
				SWIFT_COMPILATION_MODE = wholemodule;
			};
			name = Release;
		};
		A100000240330000 /* Debug */ = {
			isa = XCBuildConfiguration;
			buildSettings = {
				ASSETCATALOG_COMPILER_APPICON_NAME = AppIcon;
				ASSETCATALOG_COMPILER_GLOBAL_ACCENT_COLOR_NAME = AccentColor;
				CODE_SIGN_ENTITLEMENTS = "";
				CODE_SIGN_STYLE = Automatic;
				COMBINE_HIDPI_IMAGES = YES;
				CURRENT_PROJECT_VERSION = 1;
				DEVELOPMENT_TEAM = "";
				ENABLE_HARDENED_RUNTIME = YES;
				GENERATE_INFOPLIST_FILE = NO;
				INFOPLIST_FILE = Deliverables/Info.plist;
				INFOPLIST_KEY_LSApplicationCategoryType = "public.app-category.productivity";
				INFOPLIST_KEY_NSHumanReadableCopyright = "";
				LD_RUNPATH_SEARCH_PATHS = (
					"$(inherited)",
					"@executable_path/../Frameworks",
				);
				MARKETING_VERSION = 1.0;
				PRODUCT_BUNDLE_IDENTIFIER = com.deliverables.app;
				PRODUCT_NAME = "$(TARGET_NAME)";
				SWIFT_EMIT_LOC_STRINGS = YES;
				SWIFT_VERSION = 5.0;
			};
			name = Debug;
		};
		A100000250330000 /* Release */ = {
			isa = XCBuildConfiguration;
			buildSettings = {
				ASSETCATALOG_COMPILER_APPICON_NAME = AppIcon;
				ASSETCATALOG_COMPILER_GLOBAL_ACCENT_COLOR_NAME = AccentColor;
				CODE_SIGN_ENTITLEMENTS = "";
				CODE_SIGN_STYLE = Automatic;
				COMBINE_HIDPI_IMAGES = YES;
				CURRENT_PROJECT_VERSION = 1;
				DEVELOPMENT_TEAM = "";
				ENABLE_HARDENED_RUNTIME = YES;
				GENERATE_INFOPLIST_FILE = NO;
				INFOPLIST_FILE = Deliverables/Info.plist;
				INFOPLIST_KEY_LSApplicationCategoryType = "public.app-category.productivity";
				INFOPLIST_KEY_NSHumanReadableCopyright = "";
				LD_RUNPATH_SEARCH_PATHS = (
					"$(inherited)",
					"@executable_path/../Frameworks",
				);
				MARKETING_VERSION = 1.0;
				PRODUCT_BUNDLE_IDENTIFIER = com.deliverables.app;
				PRODUCT_NAME = "$(TARGET_NAME)";
				SWIFT_EMIT_LOC_STRINGS = YES;
				SWIFT_VERSION = 5.0;
			};
			name = Release;
		};
/* End XCBuildConfiguration section */

/* Begin XCConfigurationList section */
		A1000001D33300000 /* Build configuration list for PBXNativeTarget "Deliverables" */ = {
			isa = XCConfigurationList;
			buildConfigurations = (
				A100000240330000 /* Debug */,
				A100000250330000 /* Release */,
			);
			defaultConfigurationIsVisible = 0;
			defaultConfigurationName = Release;
		};
		A100000210330000 /* Build configuration list for PBXProject "Deliverables" */ = {
			isa = XCConfigurationList;
			buildConfigurations = (
				A100000220330000 /* Debug */,
				A100000230330000 /* Release */,
			);
			defaultConfigurationIsVisible = 0;
			defaultConfigurationName = Release;
		};
/* End XCConfigurationList section */
	};
	rootObject = A100000200330000 /* Project object */;
}
